
Microsoft Visual Studio Solution File, Format Version 12.00
# Visual Studio Version 17
VisualStudioVersion = 17.3.32922.545
MinimumVisualStudioVersion = 10.0.40219.1
Project("{FAE04EC0-301F-11D3-BF4B-00C04F79EFBC}") = "AuthCommon", "AuthCommon\AuthCommon.csproj", "{7DC02AFF-E20B-4C47-B079-E6EA14A130FB}"
EndProject
Global
	GlobalSection(SolutionConfigurationPlatforms) = preSolution
		Debug|Any CPU = Debug|Any CPU
		Release|Any CPU = Release|Any CPU
	EndGlobalSection
	GlobalSection(ProjectConfigurationPlatforms) = postSolution
		{7DC02AFF-E20B-4C47-B079-E6EA14A130FB}.Debug|Any CPU.ActiveCfg = Debug|Any CPU
		{7DC02AFF-E20B-4C47-B079-E6EA14A130FB}.Debug|Any CPU.Build.0 = Debug|Any CPU
		{7DC02AFF-E20B-4C47-B079-E6EA14A130FB}.Release|Any CPU.ActiveCfg = Release|Any CPU
		{7DC02AFF-E20B-4C47-B079-E6EA14A130FB}.Release|Any CPU.Build.0 = Release|Any CPU
	EndGlobalSection
	GlobalSection(SolutionProperties) = preSolution
		HideSolutionNode = FALSE
	EndGlobalSection
	GlobalSection(ExtensibilityGlobals) = postSolution
		SolutionGuid = {5313CE2A-3AF4-4A05-AA2E-604C600C260E}
	EndGlobalSection
EndGlobal
